
Microsoft Visual Studio Solution File, Format Version 12.00
# Visual Studio 15
VisualStudioVersion = 15.0.28307.1500
MinimumVisualStudioVersion = 10.0.40219.1
Project("{FAE04EC0-301F-11D3-BF4B-00C04F79EFBC}") = "TesmMedia", "TesmMedia\TesmMedia.csproj", "{1B07BF9F-8252-4B3E-9EE9-1E139FC6E21A}"
EndProject
Global
	GlobalSection(SolutionConfigurationPlatforms) = preSolution
		Debug|Any CPU = Debug|Any CPU
		Release|Any CPU = Release|Any CPU
	EndGlobalSection
	GlobalSection(ProjectConfigurationPlatforms) = postSolution
		{1B07BF9F-8252-4B3E-9EE9-1E139FC6E21A}.Debug|Any CPU.ActiveCfg = Debug|Any CPU
		{1B07BF9F-8252-4B3E-9EE9-1E139FC6E21A}.Debug|Any CPU.Build.0 = Debug|Any CPU
		{1B07BF9F-8252-4B3E-9EE9-1E139FC6E21A}.Release|Any CPU.ActiveCfg = Debug|Any CPU
		{1B07BF9F-8252-4B3E-9EE9-1E139FC6E21A}.Release|Any CPU.Build.0 = Debug|Any CPU
	EndGlobalSection
	GlobalSection(SolutionProperties) = preSolution
		HideSolutionNode = FALSE
	EndGlobalSection
	GlobalSection(ExtensibilityGlobals) = postSolution
		SolutionGuid = {1AE081E4-CCE8-464C-9E4A-E4306A38DBE9}
	EndGlobalSection
EndGlobal
